
Microsoft Visual Studio Solution File, Format Version 12.00
# Visual Studio 15
VisualStudioVersion = 15.0.28307.1209
MinimumVisualStudioVersion = 10.0.40219.1
Project("{FAE04EC0-301F-11D3-BF4B-00C04F79EFBC}") = "CPlusFileCreater", "CPlusFileCreater\CPlusFileCreater.csproj", "{C1657B82-BFEE-4C75-A3DF-FB873FF89911}"
EndProject
Global
	GlobalSection(SolutionConfigurationPlatforms) = preSolution
		Debug|Any CPU = Debug|Any CPU
		Release|Any CPU = Release|Any CPU
	EndGlobalSection
	GlobalSection(ProjectConfigurationPlatforms) = postSolution
		{C1657B82-BFEE-4C75-A3DF-FB873FF89911}.Debug|Any CPU.ActiveCfg = Debug|Any CPU
		{C1657B82-BFEE-4C75-A3DF-FB873FF89911}.Debug|Any CPU.Build.0 = Debug|Any CPU
		{C1657B82-BFEE-4C75-A3DF-FB873FF89911}.Release|Any CPU.ActiveCfg = Release|Any CPU
		{C1657B82-BFEE-4C75-A3DF-FB873FF89911}.Release|Any CPU.Build.0 = Release|Any CPU
	EndGlobalSection
	GlobalSection(SolutionProperties) = preSolution
		HideSolutionNode = FALSE
	EndGlobalSection
	GlobalSection(ExtensibilityGlobals) = postSolution
		SolutionGuid = {AD35AF39-505B-420D-A283-2445A66BBA69}
	EndGlobalSection
EndGlobal
